
Microsoft Visual Studio Solution File, Format Version 12.00
# Visual Studio Version 16
VisualStudioVersion = 16.0.30804.86
MinimumVisualStudioVersion = 10.0.40219.1
Project("{9A19103F-16F7-4668-BE54-9A1E7A4F7556}") = "KampIntro", "KampIntro\KampIntro.csproj", "{A9E279C4-9870-4F92-B877-0F87CE029C2D}"
EndProject
Project("{9A19103F-16F7-4668-BE54-9A1E7A4F7556}") = "Donguler", "Donguler\Donguler.csproj", "{7A93CD0E-4070-406F-8F45-4F930326EB9B}"
EndProject
Project("{9A19103F-16F7-4668-BE54-9A1E7A4F7556}") = "ClassIntro", "ClassIntro\ClassIntro.csproj", "{444673A1-0F1E-4553-B117-6D06A6083626}"
EndProject
Project("{9A19103F-16F7-4668-BE54-9A1E7A4F7556}") = "Metotlar", "Metotlar\Metotlar.csproj", "{2ABA56AF-B259-47C1-8953-D34765F92A15}"
EndProject
Project("{9A19103F-16F7-4668-BE54-9A1E7A4F7556}") = "Matematik", "Matematik\Matematik.csproj", "{3A38396F-C795-4158-88B3-131746AB62F2}"
EndProject
Project("{9A19103F-16F7-4668-BE54-9A1E7A4F7556}") = "DegerVeReferansTipler", "DegerVeReferansTipler\DegerVeReferansTipler.csproj", "{4C240D12-A510-4B1F-AD9E-CA695D99D542}"
EndProject
Project("{9A19103F-16F7-4668-BE54-9A1E7A4F7556}") = "GenericIntro", "GenericIntro\GenericIntro.csproj", "{C01D7062-3288-49B6-ADDB-40FBB99C78C3}"
EndProject
Project("{9A19103F-16F7-4668-BE54-9A1E7A4F7556}") = "Koleksiyonlar", "Koleksiyonlar\Koleksiyonlar.csproj", "{B9B4231B-5322-4450-8878-2C434E9AB2F8}"
EndProject
Project("{9A19103F-16F7-4668-BE54-9A1E7A4F7556}") = "OOP1", "OOP1\OOP1.csproj", "{BCFB3F04-C4BC-4353-B8C8-5BDBB60F0D8F}"
EndProject
Project("{FAE04EC0-301F-11D3-BF4B-00C04F79EFBC}") = "Oop2", "Oop2\Oop2.csproj", "{DEA5D7FD-93A6-474A-BC4A-57B91020E249}"
EndProject
Project("{FAE04EC0-301F-11D3-BF4B-00C04F79EFBC}") = "OOP3", "OOP3\OOP3.csproj", "{49E7D301-2559-4E57-8A3D-4C11E11D901D}"
EndProject
Global
	GlobalSection(SolutionConfigurationPlatforms) = preSolution
		Debug|Any CPU = Debug|Any CPU
		Release|Any CPU = Release|Any CPU
	EndGlobalSection
	GlobalSection(ProjectConfigurationPlatforms) = postSolution
		{A9E279C4-9870-4F92-B877-0F87CE029C2D}.Debug|Any CPU.ActiveCfg = Debug|Any CPU
		{A9E279C4-9870-4F92-B877-0F87CE029C2D}.Debug|Any CPU.Build.0 = Debug|Any CPU
		{A9E279C4-9870-4F92-B877-0F87CE029C2D}.Release|Any CPU.ActiveCfg = Release|Any CPU
		{A9E279C4-9870-4F92-B877-0F87CE029C2D}.Release|Any CPU.Build.0 = Release|Any CPU
		{7A93CD0E-4070-406F-8F45-4F930326EB9B}.Debug|Any CPU.ActiveCfg = Debug|Any CPU
		{7A93CD0E-4070-406F-8F45-4F930326EB9B}.Debug|Any CPU.Build.0 = Debug|Any CPU
		{7A93CD0E-4070-406F-8F45-4F930326EB9B}.Release|Any CPU.ActiveCfg = Release|Any CPU
		{7A93CD0E-4070-406F-8F45-4F930326EB9B}.Release|Any CPU.Build.0 = Release|Any CPU
		{444673A1-0F1E-4553-B117-6D06A6083626}.Debug|Any CPU.ActiveCfg = Debug|Any CPU
		{444673A1-0F1E-4553-B117-6D06A6083626}.Debug|Any CPU.Build.0 = Debug|Any CPU
		{444673A1-0F1E-4553-B117-6D06A6083626}.Release|Any CPU.ActiveCfg = Release|Any CPU
		{444673A1-0F1E-4553-B117-6D06A6083626}.Release|Any CPU.Build.0 = Release|Any CPU
		{2ABA56AF-B259-47C1-8953-D34765F92A15}.Debug|Any CPU.ActiveCfg = Debug|Any CPU
		{2ABA56AF-B259-47C1-8953-D34765F92A15}.Debug|Any CPU.Build.0 = Debug|Any CPU
		{2ABA56AF-B259-47C1-8953-D34765F92A15}.Release|Any CPU.ActiveCfg = Release|Any CPU
		{2ABA56AF-B259-47C1-8953-D34765F92A15}.Release|Any CPU.Build.0 = Release|Any CPU
		{3A38396F-C795-4158-88B3-131746AB62F2}.Debug|Any CPU.ActiveCfg = Debug|Any CPU
		{3A38396F-C795-4158-88B3-131746AB62F2}.Debug|Any CPU.Build.0 = Debug|Any CPU
		{3A38396F-C795-4158-88B3-131746AB62F2}.Release|Any CPU.ActiveCfg = Release|Any CPU
		{3A38396F-C795-4158-88B3-131746AB62F2}.Release|Any CPU.Build.0 = Release|Any CPU
		{4C240D12-A510-4B1F-AD9E-CA695D99D542}.Debug|Any CPU.ActiveCfg = Debug|Any CPU
		{4C240D12-A510-4B1F-AD9E-CA695D99D542}.Debug|Any CPU.Build.0 = Debug|Any CPU
		{4C240D12-A510-4B1F-AD9E-CA695D99D542}.Release|Any CPU.ActiveCfg = Release|Any CPU
		{4C240D12-A510-4B1F-AD9E-CA695D99D542}.Release|Any CPU.Build.0 = Release|Any CPU
		{C01D7062-3288-49B6-ADDB-40FBB99C78C3}.Debug|Any CPU.ActiveCfg = Debug|Any CPU
		{C01D7062-3288-49B6-ADDB-40FBB99C78C3}.Debug|Any CPU.Build.0 = Debug|Any CPU
		{C01D7062-3288-49B6-ADDB-40FBB99C78C3}.Release|Any CPU.ActiveCfg = Release|Any CPU
		{C01D7062-3288-49B6-ADDB-40FBB99C78C3}.Release|Any CPU.Build.0 = Release|Any CPU
		{B9B4231B-5322-4450-8878-2C434E9AB2F8}.Debug|Any CPU.ActiveCfg = Debug|Any CPU
		{B9B4231B-5322-4450-8878-2C434E9AB2F8}.Debug|Any CPU.Build.0 = Debug|Any CPU
		{B9B4231B-5322-4450-8878-2C434E9AB2F8}.Release|Any CPU.ActiveCfg = Release|Any CPU
		{B9B4231B-5322-4450-8878-2C434E9AB2F8}.Release|Any CPU.Build.0 = Release|Any CPU
		{BCFB3F04-C4BC-4353-B8C8-5BDBB60F0D8F}.Debug|Any CPU.ActiveCfg = Debug|Any CPU
		{BCFB3F04-C4BC-4353-B8C8-5BDBB60F0D8F}.Debug|Any CPU.Build.0 = Debug|Any CPU
		{BCFB3F04-C4BC-4353-B8C8-5BDBB60F0D8F}.Release|Any CPU.ActiveCfg = Release|Any CPU
		{BCFB3F04-C4BC-4353-B8C8-5BDBB60F0D8F}.Release|Any CPU.Build.0 = Release|Any CPU
		{DEA5D7FD-93A6-474A-BC4A-57B91020E249}.Debug|Any CPU.ActiveCfg = Debug|Any CPU
		{DEA5D7FD-93A6-474A-BC4A-57B91020E249}.Debug|Any CPU.Build.0 = Debug|Any CPU
		{DEA5D7FD-93A6-474A-BC4A-57B91020E249}.Release|Any CPU.ActiveCfg = Release|Any CPU
		{DEA5D7FD-93A6-474A-BC4A-57B91020E249}.Release|Any CPU.Build.0 = Release|Any CPU
		{49E7D301-2559-4E57-8A3D-4C11E11D901D}.Debug|Any CPU.ActiveCfg = Debug|Any CPU
		{49E7D301-2559-4E57-8A3D-4C11E11D901D}.Debug|Any CPU.Build.0 = Debug|Any CPU
		{49E7D301-2559-4E57-8A3D-4C11E11D901D}.Release|Any CPU.ActiveCfg = Release|Any CPU
		{49E7D301-2559-4E57-8A3D-4C11E11D901D}.Release|Any CPU.Build.0 = Release|Any CPU
	EndGlobalSection
	GlobalSection(SolutionProperties) = preSolution
		HideSolutionNode = FALSE
	EndGlobalSection
	GlobalSection(ExtensibilityGlobals) = postSolution
		SolutionGuid = {5FD74599-8A02-48E6-8894-C838ACA123DF}
	EndGlobalSection
EndGlobal
